
Microsoft Visual Studio Solution File, Format Version 12.00
# Visual Studio 15
VisualStudioVersion = 15.0.26730.12
MinimumVisualStudioVersion = 10.0.40219.1
Project("{FAE04EC0-301F-11D3-BF4B-00C04F79EFBC}") = "LmycDataLib", "LmycDataLib\LmycDataLib.csproj", "{F6FD1175-CA97-4070-89EF-1F37C811376B}"
EndProject
Project("{FAE04EC0-301F-11D3-BF4B-00C04F79EFBC}") = "LmycWebSite", "LmycWebSite\LmycWebSite.csproj", "{BC7604E7-26C7-4260-8CB8-84E33ED0220F}"
	ProjectSection(ProjectDependencies) = postProject
		{F6FD1175-CA97-4070-89EF-1F37C811376B} = {F6FD1175-CA97-4070-89EF-1F37C811376B}
	EndProjectSection
EndProject
Global
	GlobalSection(SolutionConfigurationPlatforms) = preSolution
		Debug|Any CPU = Debug|Any CPU
		Release|Any CPU = Release|Any CPU
	EndGlobalSection
	GlobalSection(ProjectConfigurationPlatforms) = postSolution
		{F6FD1175-CA97-4070-89EF-1F37C811376B}.Debug|Any CPU.ActiveCfg = Debug|Any CPU
		{F6FD1175-CA97-4070-89EF-1F37C811376B}.Debug|Any CPU.Build.0 = Debug|Any CPU
		{F6FD1175-CA97-4070-89EF-1F37C811376B}.Release|Any CPU.ActiveCfg = Release|Any CPU
		{F6FD1175-CA97-4070-89EF-1F37C811376B}.Release|Any CPU.Build.0 = Release|Any CPU
		{BC7604E7-26C7-4260-8CB8-84E33ED0220F}.Debug|Any CPU.ActiveCfg = Debug|Any CPU
		{BC7604E7-26C7-4260-8CB8-84E33ED0220F}.Debug|Any CPU.Build.0 = Debug|Any CPU
		{BC7604E7-26C7-4260-8CB8-84E33ED0220F}.Release|Any CPU.ActiveCfg = Release|Any CPU
		{BC7604E7-26C7-4260-8CB8-84E33ED0220F}.Release|Any CPU.Build.0 = Release|Any CPU
	EndGlobalSection
	GlobalSection(SolutionProperties) = preSolution
		HideSolutionNode = FALSE
	EndGlobalSection
	GlobalSection(ExtensibilityGlobals) = postSolution
		SolutionGuid = {BBD479FC-F56E-4403-A53D-A71413D04CD7}
	EndGlobalSection
EndGlobal
